
Microsoft Visual Studio Solution File, Format Version 12.00
# Visual Studio Version 16
VisualStudioVersion = 16.0.31424.327
MinimumVisualStudioVersion = 10.0.40219.1
Project("{FAE04EC0-301F-11D3-BF4B-00C04F79EFBC}") = "MovieManagerAPI", "MovieManagerAPI\MovieManagerAPI.csproj", "{3E0D994B-97D6-4C01-A8E3-A521C2544245}"
EndProject
Global
	GlobalSection(SolutionConfigurationPlatforms) = preSolution
		Debug|Any CPU = Debug|Any CPU
		Release|Any CPU = Release|Any CPU
	EndGlobalSection
	GlobalSection(ProjectConfigurationPlatforms) = postSolution
		{3E0D994B-97D6-4C01-A8E3-A521C2544245}.Debug|Any CPU.ActiveCfg = Debug|Any CPU
		{3E0D994B-97D6-4C01-A8E3-A521C2544245}.Debug|Any CPU.Build.0 = Debug|Any CPU
		{3E0D994B-97D6-4C01-A8E3-A521C2544245}.Release|Any CPU.ActiveCfg = Release|Any CPU
		{3E0D994B-97D6-4C01-A8E3-A521C2544245}.Release|Any CPU.Build.0 = Release|Any CPU
	EndGlobalSection
	GlobalSection(SolutionProperties) = preSolution
		HideSolutionNode = FALSE
	EndGlobalSection
	GlobalSection(ExtensibilityGlobals) = postSolution
		SolutionGuid = {FDD725F3-88EF-400A-AC27-3E94F2E5A4F1}
	EndGlobalSection
EndGlobal
